
Microsoft Visual Studio Solution File, Format Version 12.00
# Visual Studio 14
VisualStudioVersion = 14.0.23107.0
MinimumVisualStudioVersion = 10.0.40219.1
Project("{FAE04EC0-301F-11D3-BF4B-00C04F79EFBC}") = "EventsApp", "EventsApp\EventsApp.csproj", "{E2D7EED3-48B6-47CE-803A-FF749052BAD3}"
EndProject
Project("{FAE04EC0-301F-11D3-BF4B-00C04F79EFBC}") = "DataModels", "DataModels\DataModels.csproj", "{F0821E72-E148-4DE6-A979-21465895F60A}"
EndProject
Project("{FAE04EC0-301F-11D3-BF4B-00C04F79EFBC}") = "Tests", "Tests\Tests.csproj", "{4720521E-3EC5-4B90-A21B-76D0C0FB9006}"
EndProject
Global
	GlobalSection(SolutionConfigurationPlatforms) = preSolution
		Debug|Any CPU = Debug|Any CPU
		Release|Any CPU = Release|Any CPU
	EndGlobalSection
	GlobalSection(ProjectConfigurationPlatforms) = postSolution
		{E2D7EED3-48B6-47CE-803A-FF749052BAD3}.Debug|Any CPU.ActiveCfg = Debug|Any CPU
		{E2D7EED3-48B6-47CE-803A-FF749052BAD3}.Debug|Any CPU.Build.0 = Debug|Any CPU
		{E2D7EED3-48B6-47CE-803A-FF749052BAD3}.Release|Any CPU.ActiveCfg = Release|Any CPU
		{E2D7EED3-48B6-47CE-803A-FF749052BAD3}.Release|Any CPU.Build.0 = Release|Any CPU
		{F0821E72-E148-4DE6-A979-21465895F60A}.Debug|Any CPU.ActiveCfg = Debug|Any CPU
		{F0821E72-E148-4DE6-A979-21465895F60A}.Debug|Any CPU.Build.0 = Debug|Any CPU
		{F0821E72-E148-4DE6-A979-21465895F60A}.Release|Any CPU.ActiveCfg = Release|Any CPU
		{F0821E72-E148-4DE6-A979-21465895F60A}.Release|Any CPU.Build.0 = Release|Any CPU
		{4720521E-3EC5-4B90-A21B-76D0C0FB9006}.Debug|Any CPU.ActiveCfg = Debug|Any CPU
		{4720521E-3EC5-4B90-A21B-76D0C0FB9006}.Debug|Any CPU.Build.0 = Debug|Any CPU
		{4720521E-3EC5-4B90-A21B-76D0C0FB9006}.Release|Any CPU.ActiveCfg = Release|Any CPU
		{4720521E-3EC5-4B90-A21B-76D0C0FB9006}.Release|Any CPU.Build.0 = Release|Any CPU
	EndGlobalSection
	GlobalSection(SolutionProperties) = preSolution
		HideSolutionNode = FALSE
	EndGlobalSection
EndGlobal
